
Microsoft Visual Studio Solution File, Format Version 12.00
# Visual Studio Version 16
VisualStudioVersion = 16.0.32228.343
MinimumVisualStudioVersion = 10.0.40219.1
Project("{FAE04EC0-301F-11D3-BF4B-00C04F79EFBC}") = "WebService", "WebService\WebService.csproj", "{AE198AEA-1D55-45DA-AEF2-B9F2D5B7117F}"
EndProject
Global
	GlobalSection(SolutionConfigurationPlatforms) = preSolution
		Debug|Any CPU = Debug|Any CPU
		Release|Any CPU = Release|Any CPU
	EndGlobalSection
	GlobalSection(ProjectConfigurationPlatforms) = postSolution
		{AE198AEA-1D55-45DA-AEF2-B9F2D5B7117F}.Debug|Any CPU.ActiveCfg = Debug|Any CPU
		{AE198AEA-1D55-45DA-AEF2-B9F2D5B7117F}.Debug|Any CPU.Build.0 = Debug|Any CPU
		{AE198AEA-1D55-45DA-AEF2-B9F2D5B7117F}.Release|Any CPU.ActiveCfg = Release|Any CPU
		{AE198AEA-1D55-45DA-AEF2-B9F2D5B7117F}.Release|Any CPU.Build.0 = Release|Any CPU
	EndGlobalSection
	GlobalSection(SolutionProperties) = preSolution
		HideSolutionNode = FALSE
	EndGlobalSection
	GlobalSection(ExtensibilityGlobals) = postSolution
		SolutionGuid = {B741F62D-FB1A-42FB-9A0C-30D75B0E4B6E}
	EndGlobalSection
EndGlobal
